
Microsoft Visual Studio Solution File, Format Version 12.00
# Visual Studio Version 17
VisualStudioVersion = 17.7.34018.315
MinimumVisualStudioVersion = 10.0.40219.1
Project("{FAE04EC0-301F-11D3-BF4B-00C04F79EFBC}") = "Perfil_Secretaria", "Perfil_Secretaria\Perfil_Secretaria.csproj", "{3FE01B73-6277-41CA-B026-E7F89C233247}"
EndProject
Global
	GlobalSection(SolutionConfigurationPlatforms) = preSolution
		Debug|Any CPU = Debug|Any CPU
		Release|Any CPU = Release|Any CPU
	EndGlobalSection
	GlobalSection(ProjectConfigurationPlatforms) = postSolution
		{3FE01B73-6277-41CA-B026-E7F89C233247}.Debug|Any CPU.ActiveCfg = Debug|Any CPU
		{3FE01B73-6277-41CA-B026-E7F89C233247}.Debug|Any CPU.Build.0 = Debug|Any CPU
		{3FE01B73-6277-41CA-B026-E7F89C233247}.Release|Any CPU.ActiveCfg = Release|Any CPU
		{3FE01B73-6277-41CA-B026-E7F89C233247}.Release|Any CPU.Build.0 = Release|Any CPU
	EndGlobalSection
	GlobalSection(SolutionProperties) = preSolution
		HideSolutionNode = FALSE
	EndGlobalSection
	GlobalSection(ExtensibilityGlobals) = postSolution
		SolutionGuid = {F83B0D85-8DDB-4F19-AA0C-06F4AE02B1CB}
	EndGlobalSection
EndGlobal
