
Microsoft Visual Studio Solution File, Format Version 12.00
# Visual Studio Version 17
VisualStudioVersion = 17.7.34018.315
MinimumVisualStudioVersion = 10.0.40219.1
Project("{FAE04EC0-301F-11D3-BF4B-00C04F79EFBC}") = "Perfil_Repositor", "Perfil_Repositor\Perfil_Repositor.csproj", "{C91A914B-C0BC-43D0-AE0A-916E3D5B205C}"
EndProject
Global
	GlobalSection(SolutionConfigurationPlatforms) = preSolution
		Debug|Any CPU = Debug|Any CPU
		Release|Any CPU = Release|Any CPU
	EndGlobalSection
	GlobalSection(ProjectConfigurationPlatforms) = postSolution
		{C91A914B-C0BC-43D0-AE0A-916E3D5B205C}.Debug|Any CPU.ActiveCfg = Debug|Any CPU
		{C91A914B-C0BC-43D0-AE0A-916E3D5B205C}.Debug|Any CPU.Build.0 = Debug|Any CPU
		{C91A914B-C0BC-43D0-AE0A-916E3D5B205C}.Release|Any CPU.ActiveCfg = Release|Any CPU
		{C91A914B-C0BC-43D0-AE0A-916E3D5B205C}.Release|Any CPU.Build.0 = Release|Any CPU
	EndGlobalSection
	GlobalSection(SolutionProperties) = preSolution
		HideSolutionNode = FALSE
	EndGlobalSection
	GlobalSection(ExtensibilityGlobals) = postSolution
		SolutionGuid = {CE1F389F-1206-445E-BF9E-DA0A7C93176B}
	EndGlobalSection
EndGlobal
